
Microsoft Visual Studio Solution File, Format Version 12.00
# Visual Studio Version 17
VisualStudioVersion = 17.8.34322.80
MinimumVisualStudioVersion = 10.0.40219.1
Project("{FAE04EC0-301F-11D3-BF4B-00C04F79EFBC}") = "intro", "intro\intro.csproj", "{FDC87D2B-4156-488C-98D9-7D6DBD2A49C1}"
EndProject
Global
	GlobalSection(SolutionConfigurationPlatforms) = preSolution
		Debug|Any CPU = Debug|Any CPU
		Release|Any CPU = Release|Any CPU
	EndGlobalSection
	GlobalSection(ProjectConfigurationPlatforms) = postSolution
		{FDC87D2B-4156-488C-98D9-7D6DBD2A49C1}.Debug|Any CPU.ActiveCfg = Debug|Any CPU
		{FDC87D2B-4156-488C-98D9-7D6DBD2A49C1}.Debug|Any CPU.Build.0 = Debug|Any CPU
		{FDC87D2B-4156-488C-98D9-7D6DBD2A49C1}.Release|Any CPU.ActiveCfg = Release|Any CPU
		{FDC87D2B-4156-488C-98D9-7D6DBD2A49C1}.Release|Any CPU.Build.0 = Release|Any CPU
	EndGlobalSection
	GlobalSection(SolutionProperties) = preSolution
		HideSolutionNode = FALSE
	EndGlobalSection
	GlobalSection(ExtensibilityGlobals) = postSolution
		SolutionGuid = {702602EE-5A9E-4EDD-8F3A-1C191A76BF13}
	EndGlobalSection
EndGlobal
